// !$*UTF8*$!
{
	archiveVersion = 1;
	classes = {
	};
	objectVersion = 48;
	objects = {

/* Begin PBXBuildFile section */
		4A2B4AE01FF0BDE10067E143 /* AppDelegate.swift in Sources */ = {isa = PBXBuildFile; fileRef = 4A2B4ADF1FF0BDE10067E143 /* AppDelegate.swift */; };
		4A2B4AE41FF0BDE10067E143 /* ViewController.swift in Sources */ = {isa = PBXBuildFile; fileRef = 4A2B4AE31FF0BDE10067E143 /* ViewController.swift */; };
		4A2B4AE71FF0BDE10067E143 /* Main.storyboard in Resources */ = {isa = PBXBuildFile; fileRef = 4A2B4AE51FF0BDE10067E143 /* Main.storyboard */; };
		4A2B4AE91FF0BDE10067E143 /* Assets.xcassets in Resources */ = {isa = PBXBuildFile; fileRef = 4A2B4AE81FF0BDE10067E143 /* Assets.xcassets */; };
		4A2B4AEC1FF0BDE10067E143 /* LaunchScreen.storyboard in Resources */ = {isa = PBXBuildFile; fileRef = 4A2B4AEA1FF0BDE10067E143 /* LaunchScreen.storyboard */; };
		4A2B4AF71FF0BDE10067E143 /* ARKit_SampleUITests.swift in Sources */ = {isa = PBXBuildFile; fileRef = 4A2B4AF61FF0BDE10067E143 /* ARKit_SampleUITests.swift */; };
		9CF2565A2003B826000245F9 /* FeaturePointsManager.swift in Sources */ = {isa = PBXBuildFile; fileRef = 9CF256592003B826000245F9 /* FeaturePointsManager.swift */; };
/* End PBXBuildFile section */

/* Begin PBXContainerItemProxy section */
		4A2B4AF31FF0BDE10067E143 /* PBXContainerItemProxy */ = {
			isa = PBXContainerItemProxy;
			containerPortal = 4A2B4AD41FF0BDE10067E143 /* Project object */;
			proxyType = 1;
			remoteGlobalIDString = 4A2B4ADB1FF0BDE10067E143;
			remoteInfo = "ARKit-Sample";
		};
/* End PBXContainerItemProxy section */

/* Begin PBXFileReference section */
		4A2B4ADC1FF0BDE10067E143 /* ARKit-Sample.app */ = {isa = PBXFileReference; explicitFileType = wrapper.application; includeInIndex = 0; path = "ARKit-Sample.app"; sourceTree = BUILT_PRODUCTS_DIR; };
		4A2B4ADF1FF0BDE10067E143 /* AppDelegate.swift */ = {isa = PBXFileReference; lastKnownFileType = sourcecode.swift; path = AppDelegate.swift; sourceTree = "<group>"; };
		4A2B4AE31FF0BDE10067E143 /* ViewController.swift */ = {isa = PBXFileReference; lastKnownFileType = sourcecode.swift; path = ViewController.swift; sourceTree = "<group>"; };
		4A2B4AE61FF0BDE10067E143 /* Base */ = {isa = PBXFileReference; lastKnownFileType = file.storyboard; name = Base; path = Base.lproj/Main.storyboard; sourceTree = "<group>"; };
		4A2B4AE81FF0BDE10067E143 /* Assets.xcassets */ = {isa = PBXFileReference; lastKnownFileType = folder.assetcatalog; path = Assets.xcassets; sourceTree = "<group>"; };
		4A2B4AEB1FF0BDE10067E143 /* Base */ = {isa = PBXFileReference; lastKnownFileType = file.storyboard; name = Base; path = Base.lproj/LaunchScreen.storyboard; sourceTree = "<group>"; };
		4A2B4AED1FF0BDE10067E143 /* Info.plist */ = {isa = PBXFileReference; lastKnownFileType = text.plist.xml; path = Info.plist; sourceTree = "<group>"; };
		4A2B4AF21FF0BDE10067E143 /* ARKit-SampleUITests.xctest */ = {isa = PBXFileReference; explicitFileType = wrapper.cfbundle; includeInIndex = 0; path = "ARKit-SampleUITests.xctest"; sourceTree = BUILT_PRODUCTS_DIR; };
		4A2B4AF61FF0BDE10067E143 /* ARKit_SampleUITests.swift */ = {isa = PBXFileReference; lastKnownFileType = sourcecode.swift; path = ARKit_SampleUITests.swift; sourceTree = "<group>"; };
		4A2B4AF81FF0BDE10067E143 /* Info.plist */ = {isa = PBXFileReference; lastKnownFileType = text.plist.xml; path = Info.plist; sourceTree = "<group>"; };
		9CF256592003B826000245F9 /* FeaturePointsManager.swift */ = {isa = PBXFileReference; lastKnownFileType = sourcecode.swift; path = FeaturePointsManager.swift; sourceTree = "<group>"; };
/* End PBXFileReference section */

/* Begin PBXFrameworksBuildPhase section */
		4A2B4AD91FF0BDE10067E143 /* Frameworks */ = {
			isa = PBXFrameworksBuildPhase;
			buildActionMask = 2147483647;
			files = (
			);
			runOnlyForDeploymentPostprocessing = 0;
		};
		4A2B4AEF1FF0BDE10067E143 /* Frameworks */ = {
			isa = PBXFrameworksBuildPhase;
			buildActionMask = 2147483647;
			files = (
			);
			runOnlyForDeploymentPostprocessing = 0;
		};
/* End PBXFrameworksBuildPhase section */

/* Begin PBXGroup section */
		4A2B4AD31FF0BDE10067E143 = {
			isa = PBXGroup;
			children = (
				4A2B4ADE1FF0BDE10067E143 /* ARKit-Sample */,
				4A2B4AF51FF0BDE10067E143 /* ARKit-SampleUITests */,
				4A2B4ADD1FF0BDE10067E143 /* Products */,
			);
			sourceTree = "<group>";
		};
		4A2B4ADD1FF0BDE10067E143 /* Products */ = {
			isa = PBXGroup;
			children = (
				4A2B4ADC1FF0BDE10067E143 /* ARKit-Sample.app */,
				4A2B4AF21FF0BDE10067E143 /* ARKit-SampleUITests.xctest */,
			);
			name = Products;
			sourceTree = "<group>";
		};
		4A2B4ADE1FF0BDE10067E143 /* ARKit-Sample */ = {
			isa = PBXGroup;
			children = (
				4A2B4ADF1FF0BDE10067E143 /* AppDelegate.swift */,
				9CF256592003B826000245F9 /* FeaturePointsManager.swift */,
				4A2B4AE31FF0BDE10067E143 /* ViewController.swift */,
				4A2B4AE51FF0BDE10067E143 /* Main.storyboard */,
				4A2B4AE81FF0BDE10067E143 /* Assets.xcassets */,
				4A2B4AEA1FF0BDE10067E143 /* LaunchScreen.storyboard */,
				4A2B4AED1FF0BDE10067E143 /* Info.plist */,
			);
			path = "ARKit-Sample";
			sourceTree = "<group>";
		};
		4A2B4AF51FF0BDE10067E143 /* ARKit-SampleUITests */ = {
			isa = PBXGroup;
			children = (
				4A2B4AF61FF0BDE10067E143 /* ARKit_SampleUITests.swift */,
				4A2B4AF81FF0BDE10067E143 /* Info.plist */,
			);
			path = "ARKit-SampleUITests";
			sourceTree = "<group>";
		};
/* End PBXGroup section */

/* Begin PBXNativeTarget section */
		4A2B4ADB1FF0BDE10067E143 /* ARKit-Sample */ = {
			isa = PBXNativeTarget;
			buildConfigurationList = 4A2B4AFB1FF0BDE10067E143 /* Build configuration list for PBXNativeTarget "ARKit-Sample" */;
			buildPhases = (
				4A2B4AD81FF0BDE10067E143 /* Sources */,
				4A2B4AD91FF0BDE10067E143 /* Frameworks */,
				4A2B4ADA1FF0BDE10067E143 /* Resources */,
			);
			buildRules = (
			);
			dependencies = (
			);
			name = "ARKit-Sample";
			productName = "ARKit-Sample";
			productReference = 4A2B4ADC1FF0BDE10067E143 /* ARKit-Sample.app */;
			productType = "com.apple.product-type.application";
		};
		4A2B4AF11FF0BDE10067E143 /* ARKit-SampleUITests */ = {
			isa = PBXNativeTarget;
			buildConfigurationList = 4A2B4AFE1FF0BDE10067E143 /* Build configuration list for PBXNativeTarget "ARKit-SampleUITests" */;
			buildPhases = (
				4A2B4AEE1FF0BDE10067E143 /* Sources */,
				4A2B4AEF1FF0BDE10067E143 /* Frameworks */,
				4A2B4AF01FF0BDE10067E143 /* Resources */,
			);
			buildRules = (
			);
			dependencies = (
				4A2B4AF41FF0BDE10067E143 /* PBXTargetDependency */,
			);
			name = "ARKit-SampleUITests";
			productName = "ARKit-SampleUITests";
			productReference = 4A2B4AF21FF0BDE10067E143 /* ARKit-SampleUITests.xctest */;
			productType = "com.apple.product-type.bundle.ui-testing";
		};
/* End PBXNativeTarget section */

/* Begin PBXProject section */
		4A2B4AD41FF0BDE10067E143 /* Project object */ = {
			isa = PBXProject;
			attributes = {
				LastSwiftUpdateCheck = 0910;
				LastUpgradeCheck = 0910;
				ORGANIZATIONNAME = "Kuriyama Toru";
				TargetAttributes = {
					4A2B4ADB1FF0BDE10067E143 = {
						CreatedOnToolsVersion = 9.1;
						ProvisioningStyle = Automatic;
					};
					4A2B4AF11FF0BDE10067E143 = {
						CreatedOnToolsVersion = 9.1;
						ProvisioningStyle = Automatic;
						TestTargetID = 4A2B4ADB1FF0BDE10067E143;
					};
				};
			};
			buildConfigurationList = 4A2B4AD71FF0BDE10067E143 /* Build configuration list for PBXProject "ARKit-Sample" */;
			compatibilityVersion = "Xcode 8.0";
			developmentRegion = en;
			hasScannedForEncodings = 0;
			knownRegions = (
				en,
				Base,
			);
			mainGroup = 4A2B4AD31FF0BDE10067E143;
			productRefGroup = 4A2B4ADD1FF0BDE10067E143 /* Products */;
			projectDirPath = "";
			projectRoot = "";
			targets = (
				4A2B4ADB1FF0BDE10067E143 /* ARKit-Sample */,
				4A2B4AF11FF0BDE10067E143 /* ARKit-SampleUITests */,
			);
		};
/* End PBXProject section */

/* Begin PBXResourcesBuildPhase section */
		4A2B4ADA1FF0BDE10067E143 /* Resources */ = {
			isa = PBXResourcesBuildPhase;
			buildActionMask = 2147483647;
			files = (
				4A2B4AEC1FF0BDE10067E143 /* LaunchScreen.storyboard in Resources */,
				4A2B4AE91FF0BDE10067E143 /* Assets.xcassets in Resources */,
				4A2B4AE71FF0BDE10067E143 /* Main.storyboard in Resources */,
			);
			runOnlyForDeploymentPostprocessing = 0;
		};
		4A2B4AF01FF0BDE10067E143 /* Resources */ = {
			isa = PBXResourcesBuildPhase;
			buildActionMask = 2147483647;
			files = (
			);
			runOnlyForDeploymentPostprocessing = 0;
		};
/* End PBXResourcesBuildPhase section */

/* Begin PBXSourcesBuildPhase section */
		4A2B4AD81FF0BDE10067E143 /* Sources */ = {
			isa = PBXSourcesBuildPhase;
			buildActionMask = 2147483647;
			files = (
				9CF2565A2003B826000245F9 /* FeaturePointsManager.swift in Sources */,
				4A2B4AE41FF0BDE10067E143 /* ViewController.swift in Sources */,
				4A2B4AE01FF0BDE10067E143 /* AppDelegate.swift in Sources */,
			);
			runOnlyForDeploymentPostprocessing = 0;
		};
		4A2B4AEE1FF0BDE10067E143 /* Sources */ = {
			isa = PBXSourcesBuildPhase;
			buildActionMask = 2147483647;
			files = (
				4A2B4AF71FF0BDE10067E143 /* ARKit_SampleUITests.swift in Sources */,
			);
			runOnlyForDeploymentPostprocessing = 0;
		};
/* End PBXSourcesBuildPhase section */

/* Begin PBXTargetDependency section */
		4A2B4AF41FF0BDE10067E143 /* PBXTargetDependency */ = {
			isa = PBXTargetDependency;
			target = 4A2B4ADB1FF0BDE10067E143 /* ARKit-Sample */;
			targetProxy = 4A2B4AF31FF0BDE10067E143 /* PBXContainerItemProxy */;
		};
/* End PBXTargetDependency section */

/* Begin PBXVariantGroup section */
		4A2B4AE51FF0BDE10067E143 /* Main.storyboard */ = {
			isa = PBXVariantGroup;
			children = (
				4A2B4AE61FF0BDE10067E143 /* Base */,
			);
			name = Main.storyboard;
			sourceTree = "<group>";
		};
		4A2B4AEA1FF0BDE10067E143 /* LaunchScreen.storyboard */ = {
			isa = PBXVariantGroup;
			children = (
				4A2B4AEB1FF0BDE10067E143 /* Base */,
			);
			name = LaunchScreen.storyboard;
			sourceTree = "<group>";
		};
/* End PBXVariantGroup section */

/* Begin XCBuildConfiguration section */
		4A2B4AF91FF0BDE10067E143 /* Debug */ = {
			isa = XCBuildConfiguration;
			buildSettings = {
				ALWAYS_SEARCH_USER_PATHS = NO;
				CLANG_ANALYZER_NONNULL = YES;
				CLANG_ANALYZER_NUMBER_OBJECT_CONVERSION = YES_AGGRESSIVE;
				CLANG_CXX_LANGUAGE_STANDARD = "gnu++14";
				CLANG_CXX_LIBRARY = "libc++";
				CLANG_ENABLE_MODULES = YES;
				CLANG_ENABLE_OBJC_ARC = YES;
				CLANG_WARN_BLOCK_CAPTURE_AUTORELEASING = YES;
				CLANG_WARN_BOOL_CONVERSION = YES;
				CLANG_WARN_COMMA = YES;
				CLANG_WARN_CONSTANT_CONVERSION = YES;
				CLANG_WARN_DIRECT_OBJC_ISA_USAGE = YES_ERROR;
				CLANG_WARN_DOCUMENTATION_COMMENTS = YES;
				CLANG_WARN_EMPTY_BODY = YES;
				CLANG_WARN_ENUM_CONVERSION = YES;
				CLANG_WARN_INFINITE_RECURSION = YES;
				CLANG_WARN_INT_CONVERSION = YES;
				CLANG_WARN_NON_LITERAL_NULL_CONVERSION = YES;
				CLANG_WARN_OBJC_LITERAL_CONVERSION = YES;
				CLANG_WARN_OBJC_ROOT_CLASS = YES_ERROR;
				CLANG_WARN_RANGE_LOOP_ANALYSIS = YES;
				CLANG_WARN_STRICT_PROTOTYPES = YES;
				CLANG_WARN_SUSPICIOUS_MOVE = YES;
				CLANG_WARN_UNGUARDED_AVAILABILITY = YES_AGGRESSIVE;
				CLANG_WARN_UNREACHABLE_CODE = YES;
				CLANG_WARN__DUPLICATE_METHOD_MATCH = YES;
				CODE_SIGN_IDENTITY = "iPhone Developer";
				COPY_PHASE_STRIP = NO;
				DEBUG_INFORMATION_FORMAT = dwarf;
				ENABLE_STRICT_OBJC_MSGSEND = YES;
				ENABLE_TESTABILITY = YES;
				GCC_C_LANGUAGE_STANDARD = gnu11;
				GCC_DYNAMIC_NO_PIC = NO;
				GCC_NO_COMMON_BLOCKS = YES;
				GCC_OPTIMIZATION_LEVEL = 0;
				GCC_PREPROCESSOR_DEFINITIONS = (
					"DEBUG=1",
					"$(inherited)",
				);
				GCC_WARN_64_TO_32_BIT_CONVERSION = YES;
				GCC_WARN_ABOUT_RETURN_TYPE = YES_ERROR;
				GCC_WARN_UNDECLARED_SELECTOR = YES;
				GCC_WARN_UNINITIALIZED_AUTOS = YES_AGGRESSIVE;
				GCC_WARN_UNUSED_FUNCTION = YES;
				GCC_WARN_UNUSED_VARIABLE = YES;
				IPHONEOS_DEPLOYMENT_TARGET = 11.1;
				MTL_ENABLE_DEBUG_INFO = YES;
				ONLY_ACTIVE_ARCH = YES;
				SDKROOT = iphoneos;
				SWIFT_ACTIVE_COMPILATION_CONDITIONS = DEBUG;
				SWIFT_OPTIMIZATION_LEVEL = "-Onone";
			};
			name = Debug;
		};
		4A2B4AFA1FF0BDE10067E143 /* Release */ = {
			isa = XCBuildConfiguration;
			buildSettings = {
				ALWAYS_SEARCH_USER_PATHS = NO;
				CLANG_ANALYZER_NONNULL = YES;
				CLANG_ANALYZER_NUMBER_OBJECT_CONVERSION = YES_AGGRESSIVE;
				CLANG_CXX_LANGUAGE_STANDARD = "gnu++14";
				CLANG_CXX_LIBRARY = "libc++";
				CLANG_ENABLE_MODULES = YES;
				CLANG_ENABLE_OBJC_ARC = YES;
				CLANG_WARN_BLOCK_CAPTURE_AUTORELEASING = YES;
				CLANG_WARN_BOOL_CONVERSION = YES;
				CLANG_WARN_COMMA = YES;
				CLANG_WARN_CONSTANT_CONVERSION = YES;
				CLANG_WARN_DIRECT_OBJC_ISA_USAGE = YES_ERROR;
				CLANG_WARN_DOCUMENTATION_COMMENTS = YES;
				CLANG_WARN_EMPTY_BODY = YES;
				CLANG_WARN_ENUM_CONVERSION = YES;
				CLANG_WARN_INFINITE_RECURSION = YES;
				CLANG_WARN_INT_CONVERSION = YES;
				CLANG_WARN_NON_LITERAL_NULL_CONVERSION = YES;
				CLANG_WARN_OBJC_LITERAL_CONVERSION = YES;
				CLANG_WARN_OBJC_ROOT_CLASS = YES_ERROR;
				CLANG_WARN_RANGE_LOOP_ANALYSIS = YES;
				CLANG_WARN_STRICT_PROTOTYPES = YES;
				CLANG_WARN_SUSPICIOUS_MOVE = YES;
				CLANG_WARN_UNGUARDED_AVAILABILITY = YES_AGGRESSIVE;
				CLANG_WARN_UNREACHABLE_CODE = YES;
				CLANG_WARN__DUPLICATE_METHOD_MATCH = YES;
				CODE_SIGN_IDENTITY = "iPhone Developer";
				COPY_PHASE_STRIP = NO;
				DEBUG_INFORMATION_FORMAT = "dwarf-with-dsym";
				ENABLE_NS_ASSERTIONS = NO;
				ENABLE_STRICT_OBJC_MSGSEND = YES;
				GCC_C_LANGUAGE_STANDARD = gnu11;
				GCC_NO_COMMON_BLOCKS = YES;
				GCC_WARN_64_TO_32_BIT_CONVERSION = YES;
				GCC_WARN_ABOUT_RETURN_TYPE = YES_ERROR;
				GCC_WARN_UNDECLARED_SELECTOR = YES;
				GCC_WARN_UNINITIALIZED_AUTOS = YES_AGGRESSIVE;
				GCC_WARN_UNUSED_FUNCTION = YES;
				GCC_WARN_UNUSED_VARIABLE = YES;
				IPHONEOS_DEPLOYMENT_TARGET = 11.1;
				MTL_ENABLE_DEBUG_INFO = NO;
				SDKROOT = iphoneos;
				SWIFT_OPTIMIZATION_LEVEL = "-Owholemodule";
				VALIDATE_PRODUCT = YES;
			};
			name = Release;
		};
		4A2B4AFC1FF0BDE10067E143 /* Debug */ = {
			isa = XCBuildConfiguration;
			buildSettings = {
				ASSETCATALOG_COMPILER_APPICON_NAME = AppIcon;
				CODE_SIGN_STYLE = Automatic;
				DEVELOPMENT_TEAM = TXFV3DH636;
				INFOPLIST_FILE = "ARKit-Sample/Info.plist";
				IPHONEOS_DEPLOYMENT_TARGET = 11.0;
				LD_RUNPATH_SEARCH_PATHS = "$(inherited) @executable_path/Frameworks";
				PRODUCT_BUNDLE_IDENTIFIER = jp.kotetu.sample.arkit;
				PRODUCT_NAME = "$(TARGET_NAME)";
				SWIFT_VERSION = 4.0;
				TARGETED_DEVICE_FAMILY = "1,2";
			};
			name = Debug;
		};
		4A2B4AFD1FF0BDE10067E143 /* Release */ = {
			isa = XCBuildConfiguration;
			buildSettings = {
				ASSETCATALOG_COMPILER_APPICON_NAME = AppIcon;
				CODE_SIGN_STYLE = Automatic;
				DEVELOPMENT_TEAM = TXFV3DH636;
				INFOPLIST_FILE = "ARKit-Sample/Info.plist";
				IPHONEOS_DEPLOYMENT_TARGET = 11.0;
				LD_RUNPATH_SEARCH_PATHS = "$(inherited) @executable_path/Frameworks";
				PRODUCT_BUNDLE_IDENTIFIER = jp.kotetu.sample.arkit;
				PRODUCT_NAME = "$(TARGET_NAME)";
				SWIFT_VERSION = 4.0;
				TARGETED_DEVICE_FAMILY = "1,2";
			};
			name = Release;
		};
		4A2B4AFF1FF0BDE10067E143 /* Debug */ = {
			isa = XCBuildConfiguration;
			buildSettings = {
				ALWAYS_EMBED_SWIFT_STANDARD_LIBRARIES = YES;
				CODE_SIGN_STYLE = Automatic;
				DEVELOPMENT_TEAM = TXFV3DH636;
				INFOPLIST_FILE = "ARKit-SampleUITests/Info.plist";
				LD_RUNPATH_SEARCH_PATHS = "$(inherited) @executable_path/Frameworks @loader_path/Frameworks";
				PRODUCT_BUNDLE_IDENTIFIER = "jp.kotetu.sample.arkit.ARKit-SampleUITests";
				PRODUCT_NAME = "$(TARGET_NAME)";
				SWIFT_VERSION = 4.0;
				TARGETED_DEVICE_FAMILY = "1,2";
				TEST_TARGET_NAME = "ARKit-Sample";
			};
			name = Debug;
		};
		4A2B4B001FF0BDE10067E143 /* Release */ = {
			isa = XCBuildConfiguration;
			buildSettings = {
				ALWAYS_EMBED_SWIFT_STANDARD_LIBRARIES = YES;
				CODE_SIGN_STYLE = Automatic;
				DEVELOPMENT_TEAM = TXFV3DH636;
				INFOPLIST_FILE = "ARKit-SampleUITests/Info.plist";
				LD_RUNPATH_SEARCH_PATHS = "$(inherited) @executable_path/Frameworks @loader_path/Frameworks";
				PRODUCT_BUNDLE_IDENTIFIER = "jp.kotetu.sample.arkit.ARKit-SampleUITests";
				PRODUCT_NAME = "$(TARGET_NAME)";
				SWIFT_VERSION = 4.0;
				TARGETED_DEVICE_FAMILY = "1,2";
				TEST_TARGET_NAME = "ARKit-Sample";
			};
			name = Release;
		};
/* End XCBuildConfiguration section */

/* Begin XCConfigurationList section */
		4A2B4AD71FF0BDE10067E143 /* Build configuration list for PBXProject "ARKit-Sample" */ = {
			isa = XCConfigurationList;
			buildConfigurations = (
				4A2B4AF91FF0BDE10067E143 /* Debug */,
				4A2B4AFA1FF0BDE10067E143 /* Release */,
			);
			defaultConfigurationIsVisible = 0;
			defaultConfigurationName = Release;
		};
		4A2B4AFB1FF0BDE10067E143 /* Build configuration list for PBXNativeTarget "ARKit-Sample" */ = {
			isa = XCConfigurationList;
			buildConfigurations = (
				4A2B4AFC1FF0BDE10067E143 /* Debug */,
				4A2B4AFD1FF0BDE10067E143 /* Release */,
			);
			defaultConfigurationIsVisible = 0;
			defaultConfigurationName = Release;
		};
		4A2B4AFE1FF0BDE10067E143 /* Build configuration list for PBXNativeTarget "ARKit-SampleUITests" */ = {
			isa = XCConfigurationList;
			buildConfigurations = (
				4A2B4AFF1FF0BDE10067E143 /* Debug */,
				4A2B4B001FF0BDE10067E143 /* Release */,
			);
			defaultConfigurationIsVisible = 0;
			defaultConfigurationName = Release;
		};
/* End XCConfigurationList section */
	};
	rootObject = 4A2B4AD41FF0BDE10067E143 /* Project object */;
}
